
Microsoft Visual Studio Solution File, Format Version 12.00
# Visual Studio 14
VisualStudioVersion = 14.0.25420.1
MinimumVisualStudioVersion = 10.0.40219.1
Project("{FAE04EC0-301F-11D3-BF4B-00C04F79EFBC}") = "LayAdminModels", "LayAdminModels\LayAdminModels.csproj", "{4DB8AC07-AD1C-4F96-AAE0-3EEEAC9E35B5}"
EndProject
Project("{FAE04EC0-301F-11D3-BF4B-00C04F79EFBC}") = "LayAdminCore", "LayAdminCore\LayAdminCore.csproj", "{FE4EA599-A73A-41AE-BD59-EB820B9FE5F6}"
EndProject
Project("{FAE04EC0-301F-11D3-BF4B-00C04F79EFBC}") = "LayAdminExtent", "LayAdminExtent\LayAdminExtent.csproj", "{61DE06D7-652C-42A1-A371-CC03147C6191}"
EndProject
Project("{FAE04EC0-301F-11D3-BF4B-00C04F79EFBC}") = "LayAdmin", "LayAdmin\LayAdmin.csproj", "{768B767A-4D4F-427B-B6AB-F947C38942D9}"
EndProject
Global
	GlobalSection(SolutionConfigurationPlatforms) = preSolution
		Debug|Any CPU = Debug|Any CPU
		Release|Any CPU = Release|Any CPU
	EndGlobalSection
	GlobalSection(ProjectConfigurationPlatforms) = postSolution
		{4DB8AC07-AD1C-4F96-AAE0-3EEEAC9E35B5}.Debug|Any CPU.ActiveCfg = Debug|Any CPU
		{4DB8AC07-AD1C-4F96-AAE0-3EEEAC9E35B5}.Debug|Any CPU.Build.0 = Debug|Any CPU
		{4DB8AC07-AD1C-4F96-AAE0-3EEEAC9E35B5}.Release|Any CPU.ActiveCfg = Release|Any CPU
		{4DB8AC07-AD1C-4F96-AAE0-3EEEAC9E35B5}.Release|Any CPU.Build.0 = Release|Any CPU
		{FE4EA599-A73A-41AE-BD59-EB820B9FE5F6}.Debug|Any CPU.ActiveCfg = Debug|Any CPU
		{FE4EA599-A73A-41AE-BD59-EB820B9FE5F6}.Debug|Any CPU.Build.0 = Debug|Any CPU
		{FE4EA599-A73A-41AE-BD59-EB820B9FE5F6}.Release|Any CPU.ActiveCfg = Release|Any CPU
		{FE4EA599-A73A-41AE-BD59-EB820B9FE5F6}.Release|Any CPU.Build.0 = Release|Any CPU
		{61DE06D7-652C-42A1-A371-CC03147C6191}.Debug|Any CPU.ActiveCfg = Debug|Any CPU
		{61DE06D7-652C-42A1-A371-CC03147C6191}.Debug|Any CPU.Build.0 = Debug|Any CPU
		{61DE06D7-652C-42A1-A371-CC03147C6191}.Release|Any CPU.ActiveCfg = Release|Any CPU
		{61DE06D7-652C-42A1-A371-CC03147C6191}.Release|Any CPU.Build.0 = Release|Any CPU
		{768B767A-4D4F-427B-B6AB-F947C38942D9}.Debug|Any CPU.ActiveCfg = Debug|Any CPU
		{768B767A-4D4F-427B-B6AB-F947C38942D9}.Debug|Any CPU.Build.0 = Debug|Any CPU
		{768B767A-4D4F-427B-B6AB-F947C38942D9}.Release|Any CPU.ActiveCfg = Release|Any CPU
		{768B767A-4D4F-427B-B6AB-F947C38942D9}.Release|Any CPU.Build.0 = Release|Any CPU
	EndGlobalSection
	GlobalSection(SolutionProperties) = preSolution
		HideSolutionNode = FALSE
	EndGlobalSection
EndGlobal
